<?xml version="1.0" encoding="utf-8"?>
<Project ToolsVersion="14.0" xmlns="http://schemas.microsoft.com/developer/msbuild/2003">
  <ItemGroup>
    <Filter Include="Resource Files">
      <UniqueIdentifier>{67DA6AB6-F800-4c08-8B7A-83BB121AAD01}</UniqueIdentifier>
      <Extensions>rc;ico;cur;bmp;dlg;rc2;rct;bin;rgs;gif;jpg;jpeg;jpe;resx;tga;tiff;tif;png;wav;mfcribbon-ms</Extensions>
    </Filter>
    <Filter Include="src">
      <UniqueIdentifier>{81072dda-dbd3-4a40-89bc-81848ab6b09e}</UniqueIdentifier>
    </Filter>
  </ItemGroup>
  <ItemGroup>
    <ClCompile Include="src\VideoPlayerWrapper.cpp">
      <Filter>src</Filter>
    </ClCompile>
    <ClCompile Include="src\dllmain.cpp">
      <Filter>src</Filter>
    </ClCompile>
    <ClCompile Include="src\VideoPlayerHelper.cpp">
      <Filter>src</Filter>
    </ClCompile>
  </ItemGroup>
  <ItemGroup>
    <ClInclude Include="src\VideoPlayerWrapper.h">
      <Filter>src</Filter>
    </ClInclude>
    <ClInclude Include="src\IUnityGraphics.h">
      <Filter>src</Filter>
    </ClInclude>
    <ClInclude Include="src\IUnityGraphicsD3D11.h">
      <Filter>src</Filter>
    </ClInclude>
    <ClInclude Include="src\IUnityInterface.h">
      <Filter>src</Filter>
    </ClInclude>
    <ClInclude Include="src\VideoPlayerHelper.h">
      <Filter>src</Filter>
    </ClInclude>
  </ItemGroup>
  <ItemGroup>
    <None Include="VuforiaMedia.def">
    </None>
  </ItemGroup>
</Project>